
Microsoft Visual Studio Solution File, Format Version 12.00
# Visual Studio 15
VisualStudioVersion = 15.0.27428.2037
MinimumVisualStudioVersion = 10.0.40219.1
Project("{FAE04EC0-301F-11D3-BF4B-00C04F79EFBC}") = "ContosoUniversity", "ContosoUniversity\ContosoUniversity.csproj", "{D22DB9A5-2DE0-48C0-9546-4B1D33E4653F}"
EndProject
Global
	GlobalSection(SolutionConfigurationPlatforms) = preSolution
		Debug|Any CPU = Debug|Any CPU
		Release|Any CPU = Release|Any CPU
	EndGlobalSection
	GlobalSection(ProjectConfigurationPlatforms) = postSolution
		{D22DB9A5-2DE0-48C0-9546-4B1D33E4653F}.Debug|Any CPU.ActiveCfg = Debug|Any CPU
		{D22DB9A5-2DE0-48C0-9546-4B1D33E4653F}.Debug|Any CPU.Build.0 = Debug|Any CPU
		{D22DB9A5-2DE0-48C0-9546-4B1D33E4653F}.Release|Any CPU.ActiveCfg = Release|Any CPU
		{D22DB9A5-2DE0-48C0-9546-4B1D33E4653F}.Release|Any CPU.Build.0 = Release|Any CPU
	EndGlobalSection
	GlobalSection(SolutionProperties) = preSolution
		HideSolutionNode = FALSE
	EndGlobalSection
	GlobalSection(ExtensibilityGlobals) = postSolution
		SolutionGuid = {B551009C-B9E0-41A6-965D-DDF5C8C5E75E}
	EndGlobalSection
EndGlobal
